{
  "version": 4,
  "terraform_version": "1.7.5",
  "serial": 9,
  "lineage": "bf95dbc9-564f-a4ac-899d-650310c01486",
  "outputs": {},
  "resources": [
    {
      "module": "module.cloudfront",
      "mode": "managed",
      "type": "aws_cloudfront_distribution",
      "name": "s3_distribution",
      "provider": "provider[\"registry.terraform.io/hashicorp/aws\"]",
      "instances": [
        {
          "schema_version": 1,
          "attributes": {
            "aliases": null,
            "arn": "arn:aws:cloudfront::891377070826:distribution/E3S3I7E8CKA21G",
            "caller_reference": "terraform-20240516134658614600000001",
            "comment": "LPNU, 2024",
            "continuous_deployment_policy_id": "",
            "custom_error_response": [],
            "default_cache_behavior": [
              {
                "allowed_methods": [
                  "DELETE",
                  "GET",
                  "HEAD",
                  "OPTIONS",
                  "PATCH",
                  "POST",
                  "PUT"
                ],
                "cache_policy_id": "",
                "cached_methods": [
                  "GET",
                  "HEAD"
                ],
                "compress": true,
                "default_ttl": 3600,
                "field_level_encryption_id": "",
                "forwarded_values": [
                  {
                    "cookies": [
                      {
                        "forward": "none",
                        "whitelisted_names": []
                      }
                    ],
                    "headers": [],
                    "query_string": false,
                    "query_string_cache_keys": []
                  }
                ],
                "function_association": [],
                "lambda_function_association": [],
                "max_ttl": 86400,
                "min_ttl": 0,
                "origin_request_policy_id": "",
                "realtime_log_config_arn": "",
                "response_headers_policy_id": "",
                "smooth_streaming": false,
                "target_origin_id": "lab_s3_origin",
                "trusted_key_groups": [],
                "trusted_signers": [],
                "viewer_protocol_policy": "allow-all"
              }
            ],
            "default_root_object": "index.html",
            "domain_name": "d2y5xzl001ivpa.cloudfront.net",
            "enabled": true,
            "etag": "E1WFF221JOLDD7",
            "hosted_zone_id": "Z2FDTNDATAQYW2",
            "http_version": "http2",
            "id": "E3S3I7E8CKA21G",
            "in_progress_validation_batches": 0,
            "is_ipv6_enabled": true,
            "last_modified_time": "2024-05-16 13:49:16.303 +0000 UTC",
            "logging_config": [],
            "ordered_cache_behavior": [],
            "origin": [
              {
                "connection_attempts": 3,
                "connection_timeout": 10,
                "custom_header": [],
                "custom_origin_config": [],
                "domain_name": "dev-s3-yavorskiy-sanya.s3.us-east-2.amazonaws.com",
                "origin_access_control_id": "",
                "origin_id": "lab_s3_origin",
                "origin_path": "",
                "origin_shield": [],
                "s3_origin_config": [
                  {
                    "origin_access_identity": "origin-access-identity/cloudfront/E3CYPPNBYH1NG2"
                  }
                ]
              }
            ],
            "origin_group": [],
            "price_class": "PriceClass_200",
            "restrictions": [
              {
                "geo_restriction": [
                  {
                    "locations": [],
                    "restriction_type": "none"
                  }
                ]
              }
            ],
            "retain_on_delete": false,
            "staging": false,
            "status": "Deployed",
            "tags": null,
            "tags_all": {},
            "trusted_key_groups": [
              {
                "enabled": false,
                "items": []
              }
            ],
            "trusted_signers": [
              {
                "enabled": false,
                "items": []
              }
            ],
            "viewer_certificate": [
              {
                "acm_certificate_arn": "",
                "cloudfront_default_certificate": true,
                "iam_certificate_id": "",
                "minimum_protocol_version": "TLSv1",
                "ssl_support_method": ""
              }
            ],
            "wait_for_deployment": true,
            "web_acl_id": ""
          },
          "sensitive_attributes": [],
          "private": "eyJzY2hlbWFfdmVyc2lvbiI6IjEifQ==",
          "dependencies": [
            "module.cloudfront.aws_cloudfront_origin_access_identity.this",
            "module.s3.aws_s3_bucket.this"
          ]
        }
      ]
    },
    {
      "module": "module.cloudfront",
      "mode": "managed",
      "type": "aws_cloudfront_origin_access_identity",
      "name": "this",
      "provider": "provider[\"registry.terraform.io/hashicorp/aws\"]",
      "instances": [
        {
          "schema_version": 0,
          "attributes": {
            "caller_reference": "terraform-20240516134548647600000001",
            "cloudfront_access_identity_path": "origin-access-identity/cloudfront/E3CYPPNBYH1NG2",
            "comment": "LPNU, 2024",
            "etag": "E2DRAAM565MT9D",
            "iam_arn": "arn:aws:iam::cloudfront:user/CloudFront Origin Access Identity E3CYPPNBYH1NG2",
            "id": "E3CYPPNBYH1NG2",
            "s3_canonical_user_id": "443bfd2c12620d58efbd898ffb3009291ff3834bf6e8ee1b7e645e038bb51ee8a4b64f8791aaefc65df12f052cefa10e"
          },
          "sensitive_attributes": [],
          "private": "bnVsbA=="
        }
      ]
    },
    {
      "module": "module.s3",
      "mode": "managed",
      "type": "aws_s3_bucket",
      "name": "this",
      "provider": "provider[\"registry.terraform.io/hashicorp/aws\"]",
      "instances": [
        {
          "schema_version": 0,
          "attributes": {
            "acceleration_status": "",
            "acl": null,
            "arn": "arn:aws:s3:::dev-s3-yavorskiy-sanya",
            "bucket": "dev-s3-yavorskiy-sanya",
            "bucket_domain_name": "dev-s3-yavorskiy-sanya.s3.amazonaws.com",
            "bucket_prefix": "",
            "bucket_regional_domain_name": "dev-s3-yavorskiy-sanya.s3.us-east-2.amazonaws.com",
            "cors_rule": [],
            "force_destroy": false,
            "grant": [
              {
                "id": "a586de607e7ffaf3fd665e980df2803e4f99208b3dadc1a773ea99fec61fc456",
                "permissions": [
                  "FULL_CONTROL"
                ],
                "type": "CanonicalUser",
                "uri": ""
              }
            ],
            "hosted_zone_id": "Z2O1EMRO9K5GLX",
            "id": "dev-s3-yavorskiy-sanya",
            "lifecycle_rule": [],
            "logging": [],
            "object_lock_configuration": [],
            "object_lock_enabled": false,
            "policy": "",
            "region": "us-east-2",
            "replication_configuration": [],
            "request_payer": "BucketOwner",
            "server_side_encryption_configuration": [
              {
                "rule": [
                  {
                    "apply_server_side_encryption_by_default": [
                      {
                        "kms_master_key_id": "",
                        "sse_algorithm": "AES256"
                      }
                    ],
                    "bucket_key_enabled": false
                  }
                ]
              }
            ],
            "tags": null,
            "tags_all": {},
            "timeouts": null,
            "versioning": [
              {
                "enabled": false,
                "mfa_delete": false
              }
            ],
            "website": [],
            "website_domain": null,
            "website_endpoint": null
          },
          "sensitive_attributes": [],
          "private": "eyJlMmJmYjczMC1lY2FhLTExZTYtOGY4OC0zNDM2M2JjN2M0YzAiOnsiY3JlYXRlIjoxMjAwMDAwMDAwMDAwLCJkZWxldGUiOjM2MDAwMDAwMDAwMDAsInJlYWQiOjEyMDAwMDAwMDAwMDAsInVwZGF0ZSI6MTIwMDAwMDAwMDAwMH19"
        }
      ]
    },
    {
      "module": "module.s3",
      "mode": "managed",
      "type": "aws_s3_bucket_policy",
      "name": "this",
      "provider": "provider[\"registry.terraform.io/hashicorp/aws\"]",
      "instances": [
        {
          "schema_version": 0,
          "attributes": {
            "bucket": "dev-s3-yavorskiy-sanya",
            "id": "dev-s3-yavorskiy-sanya",
            "policy": "{\"Id\":\"AllowGetObjects\",\"Statement\":[{\"Action\":\"s3:GetObject\",\"Effect\":\"Allow\",\"Principal\":\"*\",\"Resource\":\"arn:aws:s3:::dev-s3-yavorskiy-sanya/**\",\"Sid\":\"AllowPublic\"}],\"Version\":\"2012-10-17\"}"
          },
          "sensitive_attributes": [],
          "private": "bnVsbA==",
          "dependencies": [
            "module.s3.aws_s3_bucket.this",
            "module.s3.aws_s3_bucket_public_access_block.this"
          ]
        }
      ]
    },
    {
      "module": "module.s3",
      "mode": "managed",
      "type": "aws_s3_bucket_public_access_block",
      "name": "this",
      "provider": "provider[\"registry.terraform.io/hashicorp/aws\"]",
      "instances": [
        {
          "schema_version": 0,
          "attributes": {
            "block_public_acls": true,
            "block_public_policy": false,
            "bucket": "dev-s3-yavorskiy-sanya",
            "id": "dev-s3-yavorskiy-sanya",
            "ignore_public_acls": true,
            "restrict_public_buckets": false
          },
          "sensitive_attributes": [],
          "private": "bnVsbA==",
          "dependencies": [
            "module.s3.aws_s3_bucket.this"
          ]
        }
      ]
    },
    {
      "module": "module.s3",
      "mode": "managed",
      "type": "aws_s3_bucket_website_configuration",
      "name": "this",
      "provider": "provider[\"registry.terraform.io/hashicorp/aws\"]",
      "instances": [
        {
          "schema_version": 0,
          "attributes": {
            "bucket": "dev-s3-yavorskiy-sanya",
            "error_document": [
              {
                "key": "index.html"
              }
            ],
            "expected_bucket_owner": "",
            "id": "dev-s3-yavorskiy-sanya",
            "index_document": [
              {
                "suffix": "index.html"
              }
            ],
            "redirect_all_requests_to": [],
            "routing_rule": [],
            "routing_rules": "",
            "website_domain": "s3-website.us-east-2.amazonaws.com",
            "website_endpoint": "dev-s3-yavorskiy-sanya.s3-website.us-east-2.amazonaws.com"
          },
          "sensitive_attributes": [],
          "private": "bnVsbA==",
          "dependencies": [
            "module.s3.aws_s3_bucket.this"
          ]
        }
      ]
    }
  ],
  "check_results": [
    {
      "object_kind": "var",
      "config_addr": "module.cloudfront.module.labels.var.label_value_case",
      "status": "unknown",
      "objects": [
        {
          "object_addr": "module.cloudfront.module.labels.var.label_value_case",
          "status": "unknown"
        }
      ]
    },
    {
      "object_kind": "var",
      "config_addr": "module.s3.var.label_key_case",
      "status": "unknown",
      "objects": [
        {
          "object_addr": "module.s3.var.label_key_case",
          "status": "unknown"
        }
      ]
    },
    {
      "object_kind": "var",
      "config_addr": "module.s3.var.id_length_limit",
      "status": "unknown",
      "objects": [
        {
          "object_addr": "module.s3.var.id_length_limit",
          "status": "unknown"
        }
      ]
    },
    {
      "object_kind": "var",
      "config_addr": "module.cloudfront.module.labels.var.label_key_case",
      "status": "unknown",
      "objects": [
        {
          "object_addr": "module.cloudfront.module.labels.var.label_key_case",
          "status": "unknown"
        }
      ]
    },
    {
      "object_kind": "var",
      "config_addr": "module.s3.var.context",
      "status": "unknown",
      "objects": [
        {
          "object_addr": "module.s3.var.context",
          "status": "unknown"
        }
      ]
    },
    {
      "object_kind": "var",
      "config_addr": "module.s3.module.labels.var.label_value_case",
      "status": "pass",
      "objects": [
        {
          "object_addr": "module.s3.module.labels.var.label_value_case",
          "status": "pass"
        }
      ]
    },
    {
      "object_kind": "var",
      "config_addr": "module.s3.module.labels.var.context",
      "status": "pass",
      "objects": [
        {
          "object_addr": "module.s3.module.labels.var.context",
          "status": "pass"
        }
      ]
    },
    {
      "object_kind": "var",
      "config_addr": "module.cloudfront.module.this.var.label_key_case",
      "status": "unknown",
      "objects": [
        {
          "object_addr": "module.cloudfront.module.this.var.label_key_case",
          "status": "unknown"
        }
      ]
    },
    {
      "object_kind": "var",
      "config_addr": "module.cloudfront.module.this.var.context",
      "status": "unknown",
      "objects": [
        {
          "object_addr": "module.cloudfront.module.this.var.context",
          "status": "unknown"
        }
      ]
    },
    {
      "object_kind": "var",
      "config_addr": "module.s3.module.this.var.label_value_case",
      "status": "unknown",
      "objects": [
        {
          "object_addr": "module.s3.module.this.var.label_value_case",
          "status": "unknown"
        }
      ]
    },
    {
      "object_kind": "var",
      "config_addr": "module.cloudfront.var.label_key_case",
      "status": "unknown",
      "objects": [
        {
          "object_addr": "module.cloudfront.var.label_key_case",
          "status": "unknown"
        }
      ]
    },
    {
      "object_kind": "var",
      "config_addr": "module.cloudfront.module.labels.var.context",
      "status": "unknown",
      "objects": [
        {
          "object_addr": "module.cloudfront.module.labels.var.context",
          "status": "unknown"
        }
      ]
    },
    {
      "object_kind": "var",
      "config_addr": "module.s3.module.labels.var.id_length_limit",
      "status": "pass",
      "objects": [
        {
          "object_addr": "module.s3.module.labels.var.id_length_limit",
          "status": "pass"
        }
      ]
    },
    {
      "object_kind": "var",
      "config_addr": "module.s3.module.labels.var.label_key_case",
      "status": "pass",
      "objects": [
        {
          "object_addr": "module.s3.module.labels.var.label_key_case",
          "status": "pass"
        }
      ]
    },
    {
      "object_kind": "var",
      "config_addr": "module.cloudfront.var.context",
      "status": "unknown",
      "objects": [
        {
          "object_addr": "module.cloudfront.var.context",
          "status": "unknown"
        }
      ]
    },
    {
      "object_kind": "var",
      "config_addr": "module.cloudfront.var.label_value_case",
      "status": "unknown",
      "objects": [
        {
          "object_addr": "module.cloudfront.var.label_value_case",
          "status": "unknown"
        }
      ]
    },
    {
      "object_kind": "var",
      "config_addr": "module.cloudfront.module.labels.var.id_length_limit",
      "status": "unknown",
      "objects": [
        {
          "object_addr": "module.cloudfront.module.labels.var.id_length_limit",
          "status": "unknown"
        }
      ]
    },
    {
      "object_kind": "var",
      "config_addr": "module.s3.module.this.var.context",
      "status": "unknown",
      "objects": [
        {
          "object_addr": "module.s3.module.this.var.context",
          "status": "unknown"
        }
      ]
    },
    {
      "object_kind": "var",
      "config_addr": "module.s3.module.this.var.id_length_limit",
      "status": "unknown",
      "objects": [
        {
          "object_addr": "module.s3.module.this.var.id_length_limit",
          "status": "unknown"
        }
      ]
    },
    {
      "object_kind": "var",
      "config_addr": "module.cloudfront.module.this.var.id_length_limit",
      "status": "unknown",
      "objects": [
        {
          "object_addr": "module.cloudfront.module.this.var.id_length_limit",
          "status": "unknown"
        }
      ]
    },
    {
      "object_kind": "var",
      "config_addr": "module.cloudfront.module.this.var.label_value_case",
      "status": "unknown",
      "objects": [
        {
          "object_addr": "module.cloudfront.module.this.var.label_value_case",
          "status": "unknown"
        }
      ]
    },
    {
      "object_kind": "var",
      "config_addr": "module.cloudfront.var.id_length_limit",
      "status": "unknown",
      "objects": [
        {
          "object_addr": "module.cloudfront.var.id_length_limit",
          "status": "unknown"
        }
      ]
    },
    {
      "object_kind": "var",
      "config_addr": "module.s3.module.this.var.label_key_case",
      "status": "unknown",
      "objects": [
        {
          "object_addr": "module.s3.module.this.var.label_key_case",
          "status": "unknown"
        }
      ]
    },
    {
      "object_kind": "var",
      "config_addr": "module.s3.var.label_value_case",
      "status": "unknown",
      "objects": [
        {
          "object_addr": "module.s3.var.label_value_case",
          "status": "unknown"
        }
      ]
    }
  ]
}
